
Microsoft Visual Studio Solution File, Format Version 12.00
# Visual Studio 15
VisualStudioVersion = 15.0.28010.2026
MinimumVisualStudioVersion = 10.0.40219.1
Project("{8BC9CEB8-8B4A-11D0-8D11-00A0C91BC942}") = "자바도전", "자바도전\자바도전.vcxproj", "{5D871F50-8FA7-4FDD-980E-65AF018CECBB}"
EndProject
Global
	GlobalSection(SolutionConfigurationPlatforms) = preSolution
		Debug|x64 = Debug|x64
		Debug|x86 = Debug|x86
		Release|x64 = Release|x64
		Release|x86 = Release|x86
	EndGlobalSection
	GlobalSection(ProjectConfigurationPlatforms) = postSolution
		{5D871F50-8FA7-4FDD-980E-65AF018CECBB}.Debug|x64.ActiveCfg = Debug|x64
		{5D871F50-8FA7-4FDD-980E-65AF018CECBB}.Debug|x64.Build.0 = Debug|x64
		{5D871F50-8FA7-4FDD-980E-65AF018CECBB}.Debug|x86.ActiveCfg = Debug|Win32
		{5D871F50-8FA7-4FDD-980E-65AF018CECBB}.Debug|x86.Build.0 = Debug|Win32
		{5D871F50-8FA7-4FDD-980E-65AF018CECBB}.Release|x64.ActiveCfg = Release|x64
		{5D871F50-8FA7-4FDD-980E-65AF018CECBB}.Release|x64.Build.0 = Release|x64
		{5D871F50-8FA7-4FDD-980E-65AF018CECBB}.Release|x86.ActiveCfg = Release|Win32
		{5D871F50-8FA7-4FDD-980E-65AF018CECBB}.Release|x86.Build.0 = Release|Win32
	EndGlobalSection
	GlobalSection(SolutionProperties) = preSolution
		HideSolutionNode = FALSE
	EndGlobalSection
	GlobalSection(ExtensibilityGlobals) = postSolution
		SolutionGuid = {D4D4432A-DFD6-4F92-994C-B6A679192DC6}
	EndGlobalSection
EndGlobal
