
Microsoft Visual Studio Solution File, Format Version 12.00
# Visual Studio 15
VisualStudioVersion = 15.0.27703.2047
MinimumVisualStudioVersion = 10.0.40219.1
Project("{8BC9CEB8-8B4A-11D0-8D11-00A0C91BC942}") = "test_14", "test_14.vcxproj", "{027CCA3F-3202-488E-BC9B-479748A997FF}"
EndProject
Global
	GlobalSection(SolutionConfigurationPlatforms) = preSolution
		Debug|x64 = Debug|x64
		Debug|x86 = Debug|x86
		Release|x64 = Release|x64
		Release|x86 = Release|x86
	EndGlobalSection
	GlobalSection(ProjectConfigurationPlatforms) = postSolution
		{027CCA3F-3202-488E-BC9B-479748A997FF}.Debug|x64.ActiveCfg = Debug|x64
		{027CCA3F-3202-488E-BC9B-479748A997FF}.Debug|x64.Build.0 = Debug|x64
		{027CCA3F-3202-488E-BC9B-479748A997FF}.Debug|x86.ActiveCfg = Debug|Win32
		{027CCA3F-3202-488E-BC9B-479748A997FF}.Debug|x86.Build.0 = Debug|Win32
		{027CCA3F-3202-488E-BC9B-479748A997FF}.Release|x64.ActiveCfg = Release|x64
		{027CCA3F-3202-488E-BC9B-479748A997FF}.Release|x64.Build.0 = Release|x64
		{027CCA3F-3202-488E-BC9B-479748A997FF}.Release|x86.ActiveCfg = Release|Win32
		{027CCA3F-3202-488E-BC9B-479748A997FF}.Release|x86.Build.0 = Release|Win32
	EndGlobalSection
	GlobalSection(SolutionProperties) = preSolution
		HideSolutionNode = FALSE
	EndGlobalSection
	GlobalSection(ExtensibilityGlobals) = postSolution
		SolutionGuid = {6502053E-BD10-4519-8E87-7D22CAA22D1A}
	EndGlobalSection
EndGlobal
